Microsoft Visual Studio Solution File, Format Version 12.00
# Visual Studio 15
VisualStudioVersion = 15.0.26124.0
MinimumVisualStudioVersion = 15.0.26124.0
Project("{2150E333-8FDC-42A3-9474-1A3956D46DE8}") = "src", "src", "{BBED10E2-17C1-48BD-BA03-7C177320B266}"
EndProject
Project("{F2A71F9B-5D33-465A-A702-920D77279786}") = "App", "src\App\App.fsproj", "{EA656D30-4501-485A-95CA-3DF446D64522}"
EndProject
Project("{F2A71F9B-5D33-465A-A702-920D77279786}") = "IOConfig", "src\IOConfig\IOConfig.fsproj", "{06C48D62-C977-4000-A03F-64B04C5D6501}"
EndProject
Project("{F2A71F9B-5D33-465A-A702-920D77279786}") = "IOMail", "src\IOMail\IOMail.fsproj", "{585725BC-066F-4B55-A01D-3C690ED824A0}"
EndProject
Project("{2150E333-8FDC-42A3-9474-1A3956D46DE8}") = "test", "test", "{D06A2C63-FBDD-4E46-A3C4-9CF73DB534E3}"
EndProject
Project("{F2A71F9B-5D33-465A-A702-920D77279786}") = "IOConfigTest", "test\IOConfigTest\IOConfigTest.fsproj", "{36A26D3B-4AFD-45EA-B5DB-8BCAAE00F6EA}"
EndProject
Project("{F2A71F9B-5D33-465A-A702-920D77279786}") = "IOMailTest", "test\IOMailTest\IOMailTest.fsproj", "{408CDE1F-6BBE-42C7-AD2B-BF124BF019F7}"
EndProject
Global
	GlobalSection(SolutionConfigurationPlatforms) = preSolution
		Debug|Any CPU = Debug|Any CPU
		Debug|x64 = Debug|x64
		Debug|x86 = Debug|x86
		Release|Any CPU = Release|Any CPU
		Release|x64 = Release|x64
		Release|x86 = Release|x86
	EndGlobalSection
	GlobalSection(SolutionProperties) = preSolution
		HideSolutionNode = FALSE
	EndGlobalSection
	GlobalSection(ProjectConfigurationPlatforms) = postSolution
		{EA656D30-4501-485A-95CA-3DF446D64522}.Debug|Any CPU.ActiveCfg = Debug|Any CPU
		{EA656D30-4501-485A-95CA-3DF446D64522}.Debug|Any CPU.Build.0 = Debug|Any CPU
		{EA656D30-4501-485A-95CA-3DF446D64522}.Debug|x64.ActiveCfg = Debug|Any CPU
		{EA656D30-4501-485A-95CA-3DF446D64522}.Debug|x64.Build.0 = Debug|Any CPU
		{EA656D30-4501-485A-95CA-3DF446D64522}.Debug|x86.ActiveCfg = Debug|Any CPU
		{EA656D30-4501-485A-95CA-3DF446D64522}.Debug|x86.Build.0 = Debug|Any CPU
		{EA656D30-4501-485A-95CA-3DF446D64522}.Release|Any CPU.ActiveCfg = Release|Any CPU
		{EA656D30-4501-485A-95CA-3DF446D64522}.Release|Any CPU.Build.0 = Release|Any CPU
		{EA656D30-4501-485A-95CA-3DF446D64522}.Release|x64.ActiveCfg = Release|Any CPU
		{EA656D30-4501-485A-95CA-3DF446D64522}.Release|x64.Build.0 = Release|Any CPU
		{EA656D30-4501-485A-95CA-3DF446D64522}.Release|x86.ActiveCfg = Release|Any CPU
		{EA656D30-4501-485A-95CA-3DF446D64522}.Release|x86.Build.0 = Release|Any CPU
		{06C48D62-C977-4000-A03F-64B04C5D6501}.Debug|Any CPU.ActiveCfg = Debug|Any CPU
		{06C48D62-C977-4000-A03F-64B04C5D6501}.Debug|Any CPU.Build.0 = Debug|Any CPU
		{06C48D62-C977-4000-A03F-64B04C5D6501}.Debug|x64.ActiveCfg = Debug|Any CPU
		{06C48D62-C977-4000-A03F-64B04C5D6501}.Debug|x64.Build.0 = Debug|Any CPU
		{06C48D62-C977-4000-A03F-64B04C5D6501}.Debug|x86.ActiveCfg = Debug|Any CPU
		{06C48D62-C977-4000-A03F-64B04C5D6501}.Debug|x86.Build.0 = Debug|Any CPU
		{06C48D62-C977-4000-A03F-64B04C5D6501}.Release|Any CPU.ActiveCfg = Release|Any CPU
		{06C48D62-C977-4000-A03F-64B04C5D6501}.Release|Any CPU.Build.0 = Release|Any CPU
		{06C48D62-C977-4000-A03F-64B04C5D6501}.Release|x64.ActiveCfg = Release|Any CPU
		{06C48D62-C977-4000-A03F-64B04C5D6501}.Release|x64.Build.0 = Release|Any CPU
		{06C48D62-C977-4000-A03F-64B04C5D6501}.Release|x86.ActiveCfg = Release|Any CPU
		{06C48D62-C977-4000-A03F-64B04C5D6501}.Release|x86.Build.0 = Release|Any CPU
		{585725BC-066F-4B55-A01D-3C690ED824A0}.Debug|Any CPU.ActiveCfg = Debug|Any CPU
		{585725BC-066F-4B55-A01D-3C690ED824A0}.Debug|Any CPU.Build.0 = Debug|Any CPU
		{585725BC-066F-4B55-A01D-3C690ED824A0}.Debug|x64.ActiveCfg = Debug|Any CPU
		{585725BC-066F-4B55-A01D-3C690ED824A0}.Debug|x64.Build.0 = Debug|Any CPU
		{585725BC-066F-4B55-A01D-3C690ED824A0}.Debug|x86.ActiveCfg = Debug|Any CPU
		{585725BC-066F-4B55-A01D-3C690ED824A0}.Debug|x86.Build.0 = Debug|Any CPU
		{585725BC-066F-4B55-A01D-3C690ED824A0}.Release|Any CPU.ActiveCfg = Release|Any CPU
		{585725BC-066F-4B55-A01D-3C690ED824A0}.Release|Any CPU.Build.0 = Release|Any CPU
		{585725BC-066F-4B55-A01D-3C690ED824A0}.Release|x64.ActiveCfg = Release|Any CPU
		{585725BC-066F-4B55-A01D-3C690ED824A0}.Release|x64.Build.0 = Release|Any CPU
		{585725BC-066F-4B55-A01D-3C690ED824A0}.Release|x86.ActiveCfg = Release|Any CPU
		{585725BC-066F-4B55-A01D-3C690ED824A0}.Release|x86.Build.0 = Release|Any CPU
		{36A26D3B-4AFD-45EA-B5DB-8BCAAE00F6EA}.Debug|Any CPU.ActiveCfg = Debug|Any CPU
		{36A26D3B-4AFD-45EA-B5DB-8BCAAE00F6EA}.Debug|Any CPU.Build.0 = Debug|Any CPU
		{36A26D3B-4AFD-45EA-B5DB-8BCAAE00F6EA}.Debug|x64.ActiveCfg = Debug|Any CPU
		{36A26D3B-4AFD-45EA-B5DB-8BCAAE00F6EA}.Debug|x64.Build.0 = Debug|Any CPU
		{36A26D3B-4AFD-45EA-B5DB-8BCAAE00F6EA}.Debug|x86.ActiveCfg = Debug|Any CPU
		{36A26D3B-4AFD-45EA-B5DB-8BCAAE00F6EA}.Debug|x86.Build.0 = Debug|Any CPU
		{36A26D3B-4AFD-45EA-B5DB-8BCAAE00F6EA}.Release|Any CPU.ActiveCfg = Release|Any CPU
		{36A26D3B-4AFD-45EA-B5DB-8BCAAE00F6EA}.Release|Any CPU.Build.0 = Release|Any CPU
		{36A26D3B-4AFD-45EA-B5DB-8BCAAE00F6EA}.Release|x64.ActiveCfg = Release|Any CPU
		{36A26D3B-4AFD-45EA-B5DB-8BCAAE00F6EA}.Release|x64.Build.0 = Release|Any CPU
		{36A26D3B-4AFD-45EA-B5DB-8BCAAE00F6EA}.Release|x86.ActiveCfg = Release|Any CPU
		{36A26D3B-4AFD-45EA-B5DB-8BCAAE00F6EA}.Release|x86.Build.0 = Release|Any CPU
		{408CDE1F-6BBE-42C7-AD2B-BF124BF019F7}.Debug|Any CPU.ActiveCfg = Debug|Any CPU
		{408CDE1F-6BBE-42C7-AD2B-BF124BF019F7}.Debug|Any CPU.Build.0 = Debug|Any CPU
		{408CDE1F-6BBE-42C7-AD2B-BF124BF019F7}.Debug|x64.ActiveCfg = Debug|Any CPU
		{408CDE1F-6BBE-42C7-AD2B-BF124BF019F7}.Debug|x64.Build.0 = Debug|Any CPU
		{408CDE1F-6BBE-42C7-AD2B-BF124BF019F7}.Debug|x86.ActiveCfg = Debug|Any CPU
		{408CDE1F-6BBE-42C7-AD2B-BF124BF019F7}.Debug|x86.Build.0 = Debug|Any CPU
		{408CDE1F-6BBE-42C7-AD2B-BF124BF019F7}.Release|Any CPU.ActiveCfg = Release|Any CPU
		{408CDE1F-6BBE-42C7-AD2B-BF124BF019F7}.Release|Any CPU.Build.0 = Release|Any CPU
		{408CDE1F-6BBE-42C7-AD2B-BF124BF019F7}.Release|x64.ActiveCfg = Release|Any CPU
		{408CDE1F-6BBE-42C7-AD2B-BF124BF019F7}.Release|x64.Build.0 = Release|Any CPU
		{408CDE1F-6BBE-42C7-AD2B-BF124BF019F7}.Release|x86.ActiveCfg = Release|Any CPU
		{408CDE1F-6BBE-42C7-AD2B-BF124BF019F7}.Release|x86.Build.0 = Release|Any CPU
	EndGlobalSection
	GlobalSection(NestedProjects) = preSolution
		{EA656D30-4501-485A-95CA-3DF446D64522} = {BBED10E2-17C1-48BD-BA03-7C177320B266}
		{06C48D62-C977-4000-A03F-64B04C5D6501} = {BBED10E2-17C1-48BD-BA03-7C177320B266}
		{585725BC-066F-4B55-A01D-3C690ED824A0} = {BBED10E2-17C1-48BD-BA03-7C177320B266}
		{36A26D3B-4AFD-45EA-B5DB-8BCAAE00F6EA} = {D06A2C63-FBDD-4E46-A3C4-9CF73DB534E3}
		{408CDE1F-6BBE-42C7-AD2B-BF124BF019F7} = {D06A2C63-FBDD-4E46-A3C4-9CF73DB534E3}
	EndGlobalSection
EndGlobal
